Microsoft Visual Studio Solution File, Format Version 11.00
# Visual Studio 2010
Project("{FAE04EC0-301F-11D3-BF4B-00C04F79EFBC}") = "Assembly-CSharp", "Assembly-CSharp.csproj", "{8A280BCE-3B89-877E-3063-54FF2BC29DE4}"
EndProject
Project("{FAE04EC0-301F-11D3-BF4B-00C04F79EFBC}") = "Assembly-CSharp-Editor", "Assembly-CSharp-Editor.csproj", "{B83749F6-2315-BC75-9084-16CEAF67D79E}"
EndProject
Global
	GlobalSection(SolutionConfigurationPlatforms) = preSolution
		Debug|Any CPU = Debug|Any CPU
		Release|Any CPU = Release|Any CPU
	EndGlobalSection
	GlobalSection(ProjectConfigurationPlatforms) = postSolution
		{8A280BCE-3B89-877E-3063-54FF2BC29DE4}.Debug|Any CPU.ActiveCfg = Debug|Any CPU
		{8A280BCE-3B89-877E-3063-54FF2BC29DE4}.Debug|Any CPU.Build.0 = Debug|Any CPU
		{8A280BCE-3B89-877E-3063-54FF2BC29DE4}.Release|Any CPU.ActiveCfg = Release|Any CPU
		{8A280BCE-3B89-877E-3063-54FF2BC29DE4}.Release|Any CPU.Build.0 = Release|Any CPU
		{B83749F6-2315-BC75-9084-16CEAF67D79E}.Debug|Any CPU.ActiveCfg = Debug|Any CPU
		{B83749F6-2315-BC75-9084-16CEAF67D79E}.Debug|Any CPU.Build.0 = Debug|Any CPU
		{B83749F6-2315-BC75-9084-16CEAF67D79E}.Release|Any CPU.ActiveCfg = Release|Any CPU
		{B83749F6-2315-BC75-9084-16CEAF67D79E}.Release|Any CPU.Build.0 = Release|Any CPU
	EndGlobalSection
	GlobalSection(SolutionProperties) = preSolution
		HideSolutionNode = FALSE
	EndGlobalSection
	GlobalSection(MonoDevelopProperties) = preSolution
		StartupItem = Assembly-CSharp.csproj
	EndGlobalSection
EndGlobal
