
Microsoft Visual Studio Solution File, Format Version 11.00
# Visual Studio 2010
Project("{FAE04EC0-301F-11D3-BF4B-00C04F79EFBC}") = "Assembly-CSharp", "Assembly-CSharp.csproj", "{ce0b288a-893b-7e87-3063-54ff2bc29de4}"
EndProject
Project("{FAE04EC0-301F-11D3-BF4B-00C04F79EFBC}") = "Assembly-CSharp-Editor", "Assembly-CSharp-Editor.csproj", "{f64937b8-1523-75bc-9084-16ceaf67d79e}"
EndProject
Global
	GlobalSection(SolutionConfigurationPlatforms) = preSolution
		Debug|Any CPU = Debug|Any CPU
		Release|Any CPU = Release|Any CPU
	EndGlobalSection
	GlobalSection(ProjectConfigurationPlatforms) = postSolution
		{ce0b288a-893b-7e87-3063-54ff2bc29de4}.Debug|Any CPU.ActiveCfg = Debug|Any CPU
		{ce0b288a-893b-7e87-3063-54ff2bc29de4}.Debug|Any CPU.Build.0 = Debug|Any CPU
		{ce0b288a-893b-7e87-3063-54ff2bc29de4}.Release|Any CPU.ActiveCfg = Release|Any CPU
		{ce0b288a-893b-7e87-3063-54ff2bc29de4}.Release|Any CPU.Build.0 = Release|Any CPU
		{f64937b8-1523-75bc-9084-16ceaf67d79e}.Debug|Any CPU.ActiveCfg = Debug|Any CPU
		{f64937b8-1523-75bc-9084-16ceaf67d79e}.Debug|Any CPU.Build.0 = Debug|Any CPU
		{f64937b8-1523-75bc-9084-16ceaf67d79e}.Release|Any CPU.ActiveCfg = Release|Any CPU
		{f64937b8-1523-75bc-9084-16ceaf67d79e}.Release|Any CPU.Build.0 = Release|Any CPU
	EndGlobalSection
	GlobalSection(SolutionProperties) = preSolution
		HideSolutionNode = FALSE
	EndGlobalSection
EndGlobal
